PODS:
  - Ads-Global (8.2.1.0):
    - Ads-Global/BUAdSDK (= 8.2.1.0)
  - Ads-Global/BUAdSDK (8.2.1.0):
    - Ads-Global/PangleSDK
    - Ads-Global/TikTokBusinessSDK
  - Ads-Global/PangleSDK (8.2.1.0)
  - Ads-Global/TikTokBusinessSDK (8.2.1.0)
  - AmazonPublisherServicesSDK (5.6.2)
  - AppLovinMediationAmazonAdMarketplaceAdapter (5.6.2.0):
    - AppLovinSDK
  - AppLovinMediationByteDanceAdapter (8.2.1.0.0):
    - Ads-Global (= 8.2.1.0)
    - AppLovinSDK (>= 13.0.0)
  - AppLovinMediationChartboostAdapter (9.13.0.0):
    - AppLovinSDK (>= 13.0.0)
    - ChartboostSDK (= 9.13.0)
  - AppLovinMediationFacebookAdapter (6.21.1.0):
    - AppLovinSDK (>= 13.0.0)
    - FBAudienceNetwork (= 6.21.1)
  - AppLovinMediationFyberAdapter (8.4.7.0):
    - AppLovinSDK (>= 13.0.0)
    - Fyber_Marketplace_SDK (= 8.4.7)
  - AppLovinMediationGoogleAdapter (13.6.0.0):
    - AppLovinSDK (>= 13.0.0)
    - Google-Mobile-Ads-SDK (= 13.6.0)
  - AppLovinMediationGoogleAdManagerAdapter (13.6.0.0):
    - AppLovinSDK (>= 13.0.0)
    - Google-Mobile-Ads-SDK (= 13.6.0)
  - AppLovinMediationInMobiAdapter (11.4.1.1):
    - AppLovinSDK (>= 13.0.0)
    - InMobiSDK (= 11.4.1)
  - AppLovinMediationIronSourceAdapter (9.4.1.0.0):
    - AppLovinSDK (>= 13.0.0)
    - IronSourceSDK/Ads (= 9.4.1.0)
  - AppLovinMediationMolocoAdapter (4.9.0.0):
    - AppLovinSDK (>= 13.0.0)
    - MolocoSDKiOS (= 4.9.0)
  - AppLovinMediationOguryPresageAdapter (5.2.3.0):
    - AppLovinSDK
    - OgurySdk (= 5.2.3)
  - AppLovinMediationPubMaticAdapter (5.1.1.0):
    - AppLovinSDK (>= 13.0.0)
    - OpenWrapSDK (= 5.1.1)
  - AppLovinMediationSmaatoAdapter (23.1.0.0):
    - AppLovinSDK (>= 13.0.0)
    - smaato-ios-sdk (= 23.1.0)
    - smaato-ios-sdk/InApp (= 23.1.0)
  - AppLovinMediationUnityAdsAdapter (4.19.0.1):
    - AppLovinSDK (>= 13.0.0)
    - UnityAds (= 4.19.0)
  - AppLovinMediationVerveAdapter (3.8.1.0):
    - AppLovinSDK (>= 13.0.0)
    - HyBid (= 3.8.1)
  - AppLovinMediationVungleAdapter (7.7.4.0):
    - AppLovinSDK (>= 13.0.0)
    - VungleAds (= 7.7.4)
  - AppLovinSDK (13.6.3)
  - ATOM-Standalone (3.9.0)
  - ChartboostSDK (9.13.0)
  - FBAudienceNetwork (6.21.1)
  - Flutter (1.0.0)
  - Fyber_Marketplace_SDK (8.4.7)
  - Google-Mobile-Ads-SDK (13.6.0):
    - GoogleUserMessagingPlatform (>= 1.1)
  - GoogleAds-IMA-iOS-SDK (3.26.1)
  - GoogleMobileAdsMediationAppLovin (13.6.3.0):
    - AppLovinSDK (= 13.6.3)
    - Google-Mobile-Ads-SDK (~> 13.3)
  - GoogleMobileAdsMediationChartboost (9.13.0.0):
    - ChartboostSDK (= 9.13.0)
    - Google-Mobile-Ads-SDK (~> 13.3)
  - GoogleMobileAdsMediationFacebook (6.21.1.1.1):
    - FBAudienceNetwork (= 6.21.1)
    - Google-Mobile-Ads-SDK (~> 13.4)
  - GoogleMobileAdsMediationFyber (8.4.7.1.1):
    - Fyber_Marketplace_SDK (= 8.4.7)
    - Google-Mobile-Ads-SDK (~> 13.3)
  - GoogleMobileAdsMediationInMobi (11.4.1.0):
    - Google-Mobile-Ads-SDK (~> 13.3)
    - InMobiSDK (= 11.4.1)
  - GoogleMobileAdsMediationIronSource (9.4.1.0.1.1):
    - Google-Mobile-Ads-SDK (~> 13.3)
    - IronSourceSDK (= 9.4.1.0)
  - GoogleMobileAdsMediationMoloco (4.9.0.0):
    - Google-Mobile-Ads-SDK (~> 13.3)
    - MolocoSDKiOS (= 4.9.0)
  - GoogleMobileAdsMediationPangle (8.2.1.0.0):
    - Ads-Global (= 8.2.1.0)
    - Google-Mobile-Ads-SDK (~> 13.6)
  - GoogleMobileAdsMediationUnity (4.19.0.1):
    - Google-Mobile-Ads-SDK (~> 13.3)
    - UnityAds (= 4.19.0)
  - GoogleMobileAdsMediationVungle (7.7.4.0):
    - Google-Mobile-Ads-SDK (~> 13.3)
    - VungleAds (= 7.7.4)
  - GoogleUserMessagingPlatform (3.1.0)
  - HyBid (3.8.1):
    - HyBid/ATOM (= 3.8.1)
    - HyBid/Banner (= 3.8.1)
    - HyBid/Core (= 3.8.1)
    - HyBid/FullScreen (= 3.8.1)
    - HyBid/Native (= 3.8.1)
    - HyBid/RewardedVideo (= 3.8.1)
  - HyBid/ATOM (3.8.1):
    - ATOM-Standalone
    - HyBid/Core
  - HyBid/Banner (3.8.1):
    - HyBid/Core
  - HyBid/Core (3.8.1)
  - HyBid/FullScreen (3.8.1):
    - HyBid/Core
  - HyBid/Native (3.8.1):
    - HyBid/Core
  - HyBid/RewardedVideo (3.8.1):
    - HyBid/Core
  - InMobiSDK (11.4.1)
  - IronSourceAdQualitySDK (9.5.1)
  - IronSourceSDK (9.4.1.0):
    - IronSourceSDK/AdQuality (= 9.4.1.0)
    - IronSourceSDK/Ads (= 9.4.1.0)
  - IronSourceSDK/AdQuality (9.4.1.0):
    - IronSourceAdQualitySDK (~> 9.5.0)
  - IronSourceSDK/Ads (9.4.1.0)
  - MolocoSDKiOS (4.9.0)
  - OguryAds (4.2.2):
    - OguryCore (= 2.2.1)
    - OMSDK_Ogury (= 1.5.7)
  - OguryCore (2.2.1)
  - OgurySdk (5.2.3):
    - OguryAds (= 4.2.2)
    - OguryCore (= 2.2.1)
  - OMSDK_Ogury (1.5.7)
  - OpenWrapSDK (5.1.1)
  - Playwire (13.1.0):
    - AmazonPublisherServicesSDK (= 5.6.2)
    - AppLovinMediationAmazonAdMarketplaceAdapter (= 5.6.2.0)
    - AppLovinMediationByteDanceAdapter (= 8.2.1.0.0)
    - AppLovinMediationChartboostAdapter (= 9.13.0.0)
    - AppLovinMediationFacebookAdapter (= 6.21.1.0)
    - AppLovinMediationFyberAdapter (= 8.4.7.0)
    - AppLovinMediationGoogleAdapter (= 13.6.0.0)
    - AppLovinMediationGoogleAdManagerAdapter (= 13.6.0.0)
    - AppLovinMediationInMobiAdapter (= 11.4.1.1)
    - AppLovinMediationIronSourceAdapter (= 9.4.1.0.0)
    - AppLovinMediationMolocoAdapter (= 4.9.0.0)
    - AppLovinMediationOguryPresageAdapter (= 5.2.3.0)
    - AppLovinMediationPubMaticAdapter (= 5.1.1.0)
    - AppLovinMediationSmaatoAdapter (= 23.1.0.0)
    - AppLovinMediationUnityAdsAdapter (= 4.19.0.1)
    - AppLovinMediationVerveAdapter (= 3.8.1.0)
    - AppLovinMediationVungleAdapter (= 7.7.4.0)
    - AppLovinSDK (= 13.6.3)
    - Google-Mobile-Ads-SDK (= 13.6.0)
    - GoogleAds-IMA-iOS-SDK (= 3.26.1)
    - GoogleMobileAdsMediationAppLovin (= 13.6.3.0)
    - GoogleMobileAdsMediationChartboost (= 9.13.0.0)
    - GoogleMobileAdsMediationFacebook (= 6.21.1.1.1)
    - GoogleMobileAdsMediationFyber (= 8.4.7.1.1)
    - GoogleMobileAdsMediationInMobi (= 11.4.1.0)
    - GoogleMobileAdsMediationIronSource (= 9.4.1.0.1.1)
    - GoogleMobileAdsMediationMoloco (= 4.9.0.0)
    - GoogleMobileAdsMediationPangle (= 8.2.1.0.0)
    - GoogleMobileAdsMediationUnity (= 4.19.0.1)
    - GoogleMobileAdsMediationVungle (= 7.7.4.0)
  - playwire_flutter (13.1.0):
    - Flutter
    - Playwire (= 13.1.0)
  - smaato-ios-sdk (23.1.0):
    - smaato-ios-sdk/Full (= 23.1.0)
  - smaato-ios-sdk/Banner (23.1.0):
    - smaato-ios-sdk/InApp
    - smaato-ios-sdk/Modules/Banner
    - smaato-ios-sdk/Modules/Core
  - smaato-ios-sdk/Full (23.1.0):
    - smaato-ios-sdk/Banner
    - smaato-ios-sdk/Interstitial
    - smaato-ios-sdk/Native
    - smaato-ios-sdk/RewardedAds
  - smaato-ios-sdk/InApp (23.1.0):
    - smaato-ios-sdk/Modules/Core
  - smaato-ios-sdk/Interstitial (23.1.0):
    - smaato-ios-sdk/InApp
    - smaato-ios-sdk/Modules/Interstitial
  - smaato-ios-sdk/Modules/Banner (23.1.0):
    - smaato-ios-sdk/Modules/Core
  - smaato-ios-sdk/Modules/Core (23.1.0):
    - ATOM-Standalone
  - smaato-ios-sdk/Modules/Interstitial (23.1.0):
    - smaato-ios-sdk/Modules/Core
  - smaato-ios-sdk/Modules/Native (23.1.0):
    - smaato-ios-sdk/Modules/Core
  - smaato-ios-sdk/Modules/RewardedAds (23.1.0):
    - smaato-ios-sdk/Modules/Core
  - smaato-ios-sdk/Native (23.1.0):
    - smaato-ios-sdk/InApp
    - smaato-ios-sdk/Modules/Core
    - smaato-ios-sdk/Modules/Native
  - smaato-ios-sdk/RewardedAds (23.1.0):
    - smaato-ios-sdk/InApp
    - smaato-ios-sdk/Modules/RewardedAds
  - UnityAds (4.19.0):
    - IronSourceAdQualitySDK (< 10.0.0)
    - UnityCoherenceLib (= 0.1.0)
  - UnityCoherenceLib (0.1.0)
  - VungleAds (7.7.4)

DEPENDENCIES:
  - Flutter (from `Flutter`)
  - playwire_flutter (from `.symlinks/plugins/playwire_flutter/ios`)

SPEC REPOS:
  trunk:
    - Ads-Global
    - AmazonPublisherServicesSDK
    - AppLovinMediationAmazonAdMarketplaceAdapter
    - AppLovinMediationByteDanceAdapter
    - AppLovinMediationChartboostAdapter
    - AppLovinMediationFacebookAdapter
    - AppLovinMediationFyberAdapter
    - AppLovinMediationGoogleAdapter
    - AppLovinMediationGoogleAdManagerAdapter
    - AppLovinMediationInMobiAdapter
    - AppLovinMediationIronSourceAdapter
    - AppLovinMediationMolocoAdapter
    - AppLovinMediationOguryPresageAdapter
    - AppLovinMediationPubMaticAdapter
    - AppLovinMediationSmaatoAdapter
    - AppLovinMediationUnityAdsAdapter
    - AppLovinMediationVerveAdapter
    - AppLovinMediationVungleAdapter
    - AppLovinSDK
    - ATOM-Standalone
    - ChartboostSDK
    - FBAudienceNetwork
    - Fyber_Marketplace_SDK
    - Google-Mobile-Ads-SDK
    - GoogleAds-IMA-iOS-SDK
    - GoogleMobileAdsMediationAppLovin
    - GoogleMobileAdsMediationChartboost
    - GoogleMobileAdsMediationFacebook
    - GoogleMobileAdsMediationFyber
    - GoogleMobileAdsMediationInMobi
    - GoogleMobileAdsMediationIronSource
    - GoogleMobileAdsMediationMoloco
    - GoogleMobileAdsMediationPangle
    - GoogleMobileAdsMediationUnity
    - GoogleMobileAdsMediationVungle
    - GoogleUserMessagingPlatform
    - HyBid
    - InMobiSDK
    - IronSourceAdQualitySDK
    - IronSourceSDK
    - MolocoSDKiOS
    - OguryAds
    - OguryCore
    - OgurySdk
    - OMSDK_Ogury
    - OpenWrapSDK
    - Playwire
    - smaato-ios-sdk
    - UnityAds
    - UnityCoherenceLib
    - VungleAds

EXTERNAL SOURCES:
  Flutter:
    :path: Flutter
  playwire_flutter:
    :path: ".symlinks/plugins/playwire_flutter/ios"

SPEC CHECKSUMS:
  Ads-Global: 46a918b0dfddf82137187d73d8ec40b5d49cf77e
  AmazonPublisherServicesSDK: 558de42a3e7e483674662bf2ff8997d6a7090aeb
  AppLovinMediationAmazonAdMarketplaceAdapter: fa49829d7a5331ce71d2d78b7a683e8db2a24bce
  AppLovinMediationByteDanceAdapter: a5b02dc6c36d994be4aa9df14b82cc6d404950a0
  AppLovinMediationChartboostAdapter: ec702b500c0311c28fc6a59b270388ee22b2346d
  AppLovinMediationFacebookAdapter: b962c9d82620bfb9ee53909aa9856d642e1f84db
  AppLovinMediationFyberAdapter: 0d386d13531e8e5be5421f76572e90779cab0ae1
  AppLovinMediationGoogleAdapter: 84b746dc2e4aa5947eb81d18ab0607d90643bb0c
  AppLovinMediationGoogleAdManagerAdapter: 7adf87187a77a64d8c5aa5160ba0445b58d2ad63
  AppLovinMediationInMobiAdapter: 2a0fbdbe801e033996cee65e1392d4585f7213d2
  AppLovinMediationIronSourceAdapter: 9b56b1bf37360e44f3e7054b26292518a8dad108
  AppLovinMediationMolocoAdapter: c242a71a89327ff1fa777e2ea23091a7b5a86b3e
  AppLovinMediationOguryPresageAdapter: c5a70e4d75c00a930e8b02da12b2a717494f3dc9
  AppLovinMediationPubMaticAdapter: 0171c97216e286523168c14ad8c12c7328619030
  AppLovinMediationSmaatoAdapter: 33718c19b4957d850702aac2ab07f78c197437f8
  AppLovinMediationUnityAdsAdapter: eec58f1bcdc63ab7a4bb3a24287b1c63d8c1f87e
  AppLovinMediationVerveAdapter: d4da046207e3d437a2426248efd09700e5168115
  AppLovinMediationVungleAdapter: 6f9c35ae4ec4083559e39a75d7c80c6ff1b5dd6d
  AppLovinSDK: f3da9503e8193d8c4badc1a9965d73a0779812fa
  ATOM-Standalone: cd8bed8eb43e48d0f2e778aa0db893cb7f8ceb93
  ChartboostSDK: 81532d47ab51e7004f264d8736c3672751ac7d60
  FBAudienceNetwork: 85d18a65c9e35bc426bd4664cf3ae2a1172d7b60
  Flutter: 71a624a5bc0c04062bf19101d501e466baf2fb47
  Fyber_Marketplace_SDK: 1a880b530921ddf07a74982e163ab56eaf90e932
  Google-Mobile-Ads-SDK: 6e501ace4af8d63e967bd45497c8b2b05821163d
  GoogleAds-IMA-iOS-SDK: 10b8f194e7cd2714d4de9a0587c46c8aaf06c620
  GoogleMobileAdsMediationAppLovin: 8929ef5280829acc3e1e4c41f9c6cfd3f99ee7cd
  GoogleMobileAdsMediationChartboost: 02fd0b060a59d7e5eb749f65fe12382825a12ff3
  GoogleMobileAdsMediationFacebook: 4420c648e278f6821001048d1f152dd74245f759
  GoogleMobileAdsMediationFyber: d253d6eca1d019e998ece0eed7571bbf3f44a042
  GoogleMobileAdsMediationInMobi: 104b8fb019771c870e6f6ecc3e949eb4054d6843
  GoogleMobileAdsMediationIronSource: 1fe22a4bf5be1277ae5c6eec83efbb9ccac84b55
  GoogleMobileAdsMediationMoloco: 68b9f19396dcf4fae19d79d9a944429f38605b0a
  GoogleMobileAdsMediationPangle: bfe8660a4c965503110050c73f01f44f1b0a4063
  GoogleMobileAdsMediationUnity: 57fe41817b7d8b65385412d140ad51a5baf24468
  GoogleMobileAdsMediationVungle: 330ee882ca0d03cc5ecf615fb37878240ebe1176
  GoogleUserMessagingPlatform: befe603da6501006420c206222acd449bba45a9c
  HyBid: 7aa21ea81b74c7580e4193cd73350ebacee18ddd
  InMobiSDK: 45b8b7e2af6e241b028b94c63b3d1d6113a12945
  IronSourceAdQualitySDK: d3f89c7eb4afc6b6c45fc3d83d64789a9977148f
  IronSourceSDK: d12f8939bf36dd4e28bb4f6134bcde9a53af15db
  MolocoSDKiOS: 71aef165dee39c9ec21501bf16a5d6ed628186a3
  OguryAds: 68a85214621946b5a88953ca11e3460f33597e62
  OguryCore: 1e9302a87188e8a0d38b2faed40bd39dff471326
  OgurySdk: 88dbd08ec1404c8f2e0825ccaefe019173f41c71
  OMSDK_Ogury: 38a1f4c2237da6861909da9290dd1224ddeb3de4
  OpenWrapSDK: e6aaa2c0265c137bca1cd754ff23c8390bcead0d
  Playwire: a2f5413a4a5d71fa2955a81a8c1f4e6c3fa088c7
  playwire_flutter: ed2b4b0a25fcc25fd8da531557b13af82163624a
  smaato-ios-sdk: 88d31a457defbdd6c90baa5ec65d1a2aac5ad7e9
  UnityAds: 40804188247edc15e4e173450a749dbb2fbc61c5
  UnityCoherenceLib: d9be08c5b9c2880cb220c7ecd643f97ebda422b7
  VungleAds: 77bad219e9e4b34bf43ab2518bf2fac72b86100b

PODFILE CHECKSUM: 3ba3a73b1b12adcf321a227a745625fe0888cc82

COCOAPODS: 1.16.2
